
Microsoft Visual Studio Solution File, Format Version 12.00
# Visual Studio Version 17
VisualStudioVersion = 17.14.36915.13
MinimumVisualStudioVersion = 10.0.40219.1
Project("{FAE04EC0-301F-11D3-BF4B-00C04F79EFBC}") = "EventPhotoApp", "EventPhotoApp\EventPhotoApp.csproj", "{C41FC1E9-15CC-4BB2-ACFB-3A28F96805F7}"
EndProject
Project("{FAE04EC0-301F-11D3-BF4B-00C04F79EFBC}") = "EventApp.Api", "EventApp.Api\EventApp.Api.csproj", "{684FA1DC-DBCE-497C-B0D4-1EA2AD8755B5}"
EndProject
Global
	GlobalSection(SolutionConfigurationPlatforms) = preSolution
		Debug|Any CPU = Debug|Any CPU
		Release|Any CPU = Release|Any CPU
	EndGlobalSection
	GlobalSection(ProjectConfigurationPlatforms) = postSolution
		{C41FC1E9-15CC-4BB2-ACFB-3A28F96805F7}.Debug|Any CPU.ActiveCfg = Debug|Any CPU
		{C41FC1E9-15CC-4BB2-ACFB-3A28F96805F7}.Debug|Any CPU.Build.0 = Debug|Any CPU
		{C41FC1E9-15CC-4BB2-ACFB-3A28F96805F7}.Debug|Any CPU.Deploy.0 = Debug|Any CPU
		{C41FC1E9-15CC-4BB2-ACFB-3A28F96805F7}.Release|Any CPU.ActiveCfg = Release|Any CPU
		{C41FC1E9-15CC-4BB2-ACFB-3A28F96805F7}.Release|Any CPU.Build.0 = Release|Any CPU
		{684FA1DC-DBCE-497C-B0D4-1EA2AD8755B5}.Debug|Any CPU.ActiveCfg = Debug|Any CPU
		{684FA1DC-DBCE-497C-B0D4-1EA2AD8755B5}.Debug|Any CPU.Build.0 = Debug|Any CPU
		{684FA1DC-DBCE-497C-B0D4-1EA2AD8755B5}.Release|Any CPU.ActiveCfg = Release|Any CPU
		{684FA1DC-DBCE-497C-B0D4-1EA2AD8755B5}.Release|Any CPU.Build.0 = Release|Any CPU
	EndGlobalSection
	GlobalSection(SolutionProperties) = preSolution
		HideSolutionNode = FALSE
	EndGlobalSection
	GlobalSection(ExtensibilityGlobals) = postSolution
		SolutionGuid = {06E5B2BA-C918-434A-B135-0D5F616BFC05}
	EndGlobalSection
EndGlobal
